
Microsoft Visual Studio Solution File, Format Version 12.00
# Visual Studio Version 16
VisualStudioVersion = 16.0.28803.352
MinimumVisualStudioVersion = 10.0.40219.1
Project("{F184B08F-C81C-45F6-A57F-5ABD9991F28F}") = "CdToMusicFile", "CdToMusicFile\CdToMusicFile.vbproj", "{5DAB9049-4E3E-4CF2-857A-C09C3FD2B1E2}"
EndProject
Global
	GlobalSection(SolutionConfigurationPlatforms) = preSolution
		Debug|Any CPU = Debug|Any CPU
		Release|Any CPU = Release|Any CPU
	EndGlobalSection
	GlobalSection(ProjectConfigurationPlatforms) = postSolution
		{5DAB9049-4E3E-4CF2-857A-C09C3FD2B1E2}.Debug|Any CPU.ActiveCfg = Debug|Any CPU
		{5DAB9049-4E3E-4CF2-857A-C09C3FD2B1E2}.Debug|Any CPU.Build.0 = Debug|Any CPU
		{5DAB9049-4E3E-4CF2-857A-C09C3FD2B1E2}.Release|Any CPU.ActiveCfg = Release|Any CPU
		{5DAB9049-4E3E-4CF2-857A-C09C3FD2B1E2}.Release|Any CPU.Build.0 = Release|Any CPU
	EndGlobalSection
	GlobalSection(SolutionProperties) = preSolution
		HideSolutionNode = FALSE
	EndGlobalSection
	GlobalSection(ExtensibilityGlobals) = postSolution
		SolutionGuid = {AC1AF0F1-7B97-4BCE-A7A9-C022474309AD}
	EndGlobalSection
EndGlobal
